
Microsoft Visual Studio Solution File, Format Version 12.00
# Visual Studio Version 16
VisualStudioVersion = 16.0.31424.327
MinimumVisualStudioVersion = 10.0.40219.1
Project("{8BC9CEB8-8B4A-11D0-8D11-00A0C91BC942}") = "OOP_1.6", "OOP_1.6.vcxproj", "{DD9874D9-28D6-4A9A-8A60-C97B36511236}"
EndProject
Project("{8BC9CEB8-8B4A-11D0-8D11-00A0C91BC942}") = "UnitTest48", "..\UnitTest48\UnitTest48.vcxproj", "{671318AD-809D-4F61-A7C5-5D6CA07FDD98}"
EndProject
Global
	GlobalSection(SolutionConfigurationPlatforms) = preSolution
		Debug|x64 = Debug|x64
		Debug|x86 = Debug|x86
		Release|x64 = Release|x64
		Release|x86 = Release|x86
	EndGlobalSection
	GlobalSection(ProjectConfigurationPlatforms) = postSolution
		{DD9874D9-28D6-4A9A-8A60-C97B36511236}.Debug|x64.ActiveCfg = Debug|x64
		{DD9874D9-28D6-4A9A-8A60-C97B36511236}.Debug|x64.Build.0 = Debug|x64
		{DD9874D9-28D6-4A9A-8A60-C97B36511236}.Debug|x86.ActiveCfg = Debug|Win32
		{DD9874D9-28D6-4A9A-8A60-C97B36511236}.Debug|x86.Build.0 = Debug|Win32
		{DD9874D9-28D6-4A9A-8A60-C97B36511236}.Release|x64.ActiveCfg = Release|x64
		{DD9874D9-28D6-4A9A-8A60-C97B36511236}.Release|x64.Build.0 = Release|x64
		{DD9874D9-28D6-4A9A-8A60-C97B36511236}.Release|x86.ActiveCfg = Release|Win32
		{DD9874D9-28D6-4A9A-8A60-C97B36511236}.Release|x86.Build.0 = Release|Win32
		{671318AD-809D-4F61-A7C5-5D6CA07FDD98}.Debug|x64.ActiveCfg = Debug|x64
		{671318AD-809D-4F61-A7C5-5D6CA07FDD98}.Debug|x64.Build.0 = Debug|x64
		{671318AD-809D-4F61-A7C5-5D6CA07FDD98}.Debug|x86.ActiveCfg = Debug|Win32
		{671318AD-809D-4F61-A7C5-5D6CA07FDD98}.Debug|x86.Build.0 = Debug|Win32
		{671318AD-809D-4F61-A7C5-5D6CA07FDD98}.Release|x64.ActiveCfg = Release|x64
		{671318AD-809D-4F61-A7C5-5D6CA07FDD98}.Release|x64.Build.0 = Release|x64
		{671318AD-809D-4F61-A7C5-5D6CA07FDD98}.Release|x86.ActiveCfg = Release|Win32
		{671318AD-809D-4F61-A7C5-5D6CA07FDD98}.Release|x86.Build.0 = Release|Win32
	EndGlobalSection
	GlobalSection(SolutionProperties) = preSolution
		HideSolutionNode = FALSE
	EndGlobalSection
	GlobalSection(ExtensibilityGlobals) = postSolution
		SolutionGuid = {38B98D17-FE8E-4897-89FF-2C2BD9A3FFC1}
	EndGlobalSection
EndGlobal
